
Microsoft Visual Studio Solution File, Format Version 12.00
# Visual Studio Version 17
VisualStudioVersion = 17.13.35507.96
MinimumVisualStudioVersion = 10.0.40219.1
Project("{FAE04EC0-301F-11D3-BF4B-00C04F79EFBC}") = "Sefirah.App", "src\Sefirah.App\Sefirah.App.csproj", "{2DCD42ED-8A93-4024-BEDE-221CDBCFD1D4}"
EndProject
Project("{2150E333-8FDC-42A3-9474-1A3956D46DE8}") = "src", "src", "{02EA681E-C7D8-13C7-8484-4AC65E1B71E8}"
EndProject
Project("{C7167F0D-BC9F-4E6E-AFE1-012C56B48DB5}") = "Sefirah.Package", "src\Sefirah.Package\Sefirah.Package.wapproj", "{A6536C2E-2632-44AB-A575-63037EEF23EC}"
EndProject
Project("{FAE04EC0-301F-11D3-BF4B-00C04F79EFBC}") = "Sefirah.App.RemoteStorage", "src\Sefirah.App.RemoteStorage\Sefirah.App.RemoteStorage.csproj", "{35B2C7AF-3401-40AC-80CC-ACA939775E96}"
EndProject
Project("{2150E333-8FDC-42A3-9474-1A3956D46DE8}") = "Solution Items", "Solution Items", "{4FABD27E-11E6-453A-859B-9F1E7C445846}"
	ProjectSection(SolutionItems) = preProject
		.editorconfig = .editorconfig
	EndProjectSection
EndProject
Project("{2150E333-8FDC-42A3-9474-1A3956D46DE8}") = "git", "git", "{02EA681E-C7D8-13C7-8484-4AC65E1B71E8}"
	ProjectSection(SolutionItems) = preProject
		.gitignore = .gitignore
		LICENSE = LICENSE
		README.md = README.md
	EndProjectSection
EndProject
Global
	GlobalSection(SolutionConfigurationPlatforms) = preSolution
		Debug|Any CPU = Debug|Any CPU
		Debug|ARM = Debug|ARM
		Debug|ARM64 = Debug|ARM64
		Debug|x64 = Debug|x64
		Debug|x86 = Debug|x86
		Release|Any CPU = Release|Any CPU
		Release|ARM = Release|ARM
		Release|ARM64 = Release|ARM64
		Release|x64 = Release|x64
		Release|x86 = Release|x86
	EndGlobalSection
	GlobalSection(ProjectConfigurationPlatforms) = postSolution
		{2DCD42ED-8A93-4024-BEDE-221CDBCFD1D4}.Debug|Any CPU.ActiveCfg = Debug|x64
		{2DCD42ED-8A93-4024-BEDE-221CDBCFD1D4}.Debug|Any CPU.Build.0 = Debug|x64
		{2DCD42ED-8A93-4024-BEDE-221CDBCFD1D4}.Debug|Any CPU.Deploy.0 = Debug|x64
		{2DCD42ED-8A93-4024-BEDE-221CDBCFD1D4}.Debug|ARM.ActiveCfg = Debug|x64
		{2DCD42ED-8A93-4024-BEDE-221CDBCFD1D4}.Debug|ARM.Build.0 = Debug|x64
		{2DCD42ED-8A93-4024-BEDE-221CDBCFD1D4}.Debug|ARM.Deploy.0 = Debug|x64
		{2DCD42ED-8A93-4024-BEDE-221CDBCFD1D4}.Debug|ARM64.ActiveCfg = Debug|ARM64
		{2DCD42ED-8A93-4024-BEDE-221CDBCFD1D4}.Debug|ARM64.Build.0 = Debug|ARM64
		{2DCD42ED-8A93-4024-BEDE-221CDBCFD1D4}.Debug|ARM64.Deploy.0 = Debug|ARM64
		{2DCD42ED-8A93-4024-BEDE-221CDBCFD1D4}.Debug|x64.ActiveCfg = Debug|x64
		{2DCD42ED-8A93-4024-BEDE-221CDBCFD1D4}.Debug|x64.Build.0 = Debug|x64
		{2DCD42ED-8A93-4024-BEDE-221CDBCFD1D4}.Debug|x64.Deploy.0 = Debug|x64
		{2DCD42ED-8A93-4024-BEDE-221CDBCFD1D4}.Debug|x86.ActiveCfg = Debug|x86
		{2DCD42ED-8A93-4024-BEDE-221CDBCFD1D4}.Debug|x86.Build.0 = Debug|x86
		{2DCD42ED-8A93-4024-BEDE-221CDBCFD1D4}.Debug|x86.Deploy.0 = Debug|x86
		{2DCD42ED-8A93-4024-BEDE-221CDBCFD1D4}.Release|Any CPU.ActiveCfg = Release|x64
		{2DCD42ED-8A93-4024-BEDE-221CDBCFD1D4}.Release|Any CPU.Build.0 = Release|x64
		{2DCD42ED-8A93-4024-BEDE-221CDBCFD1D4}.Release|Any CPU.Deploy.0 = Release|x64
		{2DCD42ED-8A93-4024-BEDE-221CDBCFD1D4}.Release|ARM.ActiveCfg = Release|x64
		{2DCD42ED-8A93-4024-BEDE-221CDBCFD1D4}.Release|ARM.Build.0 = Release|x64
		{2DCD42ED-8A93-4024-BEDE-221CDBCFD1D4}.Release|ARM.Deploy.0 = Release|x64
		{2DCD42ED-8A93-4024-BEDE-221CDBCFD1D4}.Release|ARM64.ActiveCfg = Release|ARM64
		{2DCD42ED-8A93-4024-BEDE-221CDBCFD1D4}.Release|ARM64.Build.0 = Release|ARM64
		{2DCD42ED-8A93-4024-BEDE-221CDBCFD1D4}.Release|ARM64.Deploy.0 = Release|ARM64
		{2DCD42ED-8A93-4024-BEDE-221CDBCFD1D4}.Release|x64.ActiveCfg = Release|x64
		{2DCD42ED-8A93-4024-BEDE-221CDBCFD1D4}.Release|x64.Build.0 = Release|x64
		{2DCD42ED-8A93-4024-BEDE-221CDBCFD1D4}.Release|x64.Deploy.0 = Release|x64
		{2DCD42ED-8A93-4024-BEDE-221CDBCFD1D4}.Release|x86.ActiveCfg = Release|x86
		{2DCD42ED-8A93-4024-BEDE-221CDBCFD1D4}.Release|x86.Build.0 = Release|x86
		{2DCD42ED-8A93-4024-BEDE-221CDBCFD1D4}.Release|x86.Deploy.0 = Release|x86
		{A6536C2E-2632-44AB-A575-63037EEF23EC}.Debug|Any CPU.ActiveCfg = Debug|Any CPU
		{A6536C2E-2632-44AB-A575-63037EEF23EC}.Debug|Any CPU.Build.0 = Debug|Any CPU
		{A6536C2E-2632-44AB-A575-63037EEF23EC}.Debug|Any CPU.Deploy.0 = Debug|Any CPU
		{A6536C2E-2632-44AB-A575-63037EEF23EC}.Debug|ARM.ActiveCfg = Debug|ARM
		{A6536C2E-2632-44AB-A575-63037EEF23EC}.Debug|ARM.Build.0 = Debug|ARM
		{A6536C2E-2632-44AB-A575-63037EEF23EC}.Debug|ARM.Deploy.0 = Debug|ARM
		{A6536C2E-2632-44AB-A575-63037EEF23EC}.Debug|ARM64.ActiveCfg = Debug|ARM64
		{A6536C2E-2632-44AB-A575-63037EEF23EC}.Debug|ARM64.Build.0 = Debug|ARM64
		{A6536C2E-2632-44AB-A575-63037EEF23EC}.Debug|ARM64.Deploy.0 = Debug|ARM64
		{A6536C2E-2632-44AB-A575-63037EEF23EC}.Debug|x64.ActiveCfg = Debug|x64
		{A6536C2E-2632-44AB-A575-63037EEF23EC}.Debug|x64.Build.0 = Debug|x64
		{A6536C2E-2632-44AB-A575-63037EEF23EC}.Debug|x64.Deploy.0 = Debug|x64
		{A6536C2E-2632-44AB-A575-63037EEF23EC}.Debug|x86.ActiveCfg = Debug|x86
		{A6536C2E-2632-44AB-A575-63037EEF23EC}.Debug|x86.Build.0 = Debug|x86
		{A6536C2E-2632-44AB-A575-63037EEF23EC}.Debug|x86.Deploy.0 = Debug|x86
		{A6536C2E-2632-44AB-A575-63037EEF23EC}.Release|Any CPU.ActiveCfg = Release|Any CPU
		{A6536C2E-2632-44AB-A575-63037EEF23EC}.Release|Any CPU.Build.0 = Release|Any CPU
		{A6536C2E-2632-44AB-A575-63037EEF23EC}.Release|Any CPU.Deploy.0 = Release|Any CPU
		{A6536C2E-2632-44AB-A575-63037EEF23EC}.Release|ARM.ActiveCfg = Release|ARM
		{A6536C2E-2632-44AB-A575-63037EEF23EC}.Release|ARM.Build.0 = Release|ARM
		{A6536C2E-2632-44AB-A575-63037EEF23EC}.Release|ARM.Deploy.0 = Release|ARM
		{A6536C2E-2632-44AB-A575-63037EEF23EC}.Release|ARM64.ActiveCfg = Release|ARM64
		{A6536C2E-2632-44AB-A575-63037EEF23EC}.Release|ARM64.Build.0 = Release|ARM64
		{A6536C2E-2632-44AB-A575-63037EEF23EC}.Release|ARM64.Deploy.0 = Release|ARM64
		{A6536C2E-2632-44AB-A575-63037EEF23EC}.Release|x64.ActiveCfg = Release|x64
		{A6536C2E-2632-44AB-A575-63037EEF23EC}.Release|x64.Build.0 = Release|x64
		{A6536C2E-2632-44AB-A575-63037EEF23EC}.Release|x64.Deploy.0 = Release|x64
		{A6536C2E-2632-44AB-A575-63037EEF23EC}.Release|x86.ActiveCfg = Release|x86
		{A6536C2E-2632-44AB-A575-63037EEF23EC}.Release|x86.Build.0 = Release|x86
		{A6536C2E-2632-44AB-A575-63037EEF23EC}.Release|x86.Deploy.0 = Release|x86
		{35B2C7AF-3401-40AC-80CC-ACA939775E96}.Debug|Any CPU.ActiveCfg = Debug|Any CPU
		{35B2C7AF-3401-40AC-80CC-ACA939775E96}.Debug|Any CPU.Build.0 = Debug|Any CPU
		{35B2C7AF-3401-40AC-80CC-ACA939775E96}.Debug|ARM.ActiveCfg = Debug|Any CPU
		{35B2C7AF-3401-40AC-80CC-ACA939775E96}.Debug|ARM.Build.0 = Debug|Any CPU
		{35B2C7AF-3401-40AC-80CC-ACA939775E96}.Debug|ARM64.ActiveCfg = Debug|Any CPU
		{35B2C7AF-3401-40AC-80CC-ACA939775E96}.Debug|ARM64.Build.0 = Debug|Any CPU
		{35B2C7AF-3401-40AC-80CC-ACA939775E96}.Debug|x64.ActiveCfg = Debug|x64
		{35B2C7AF-3401-40AC-80CC-ACA939775E96}.Debug|x64.Build.0 = Debug|x64
		{35B2C7AF-3401-40AC-80CC-ACA939775E96}.Debug|x86.ActiveCfg = Debug|Any CPU
		{35B2C7AF-3401-40AC-80CC-ACA939775E96}.Debug|x86.Build.0 = Debug|Any CPU
		{35B2C7AF-3401-40AC-80CC-ACA939775E96}.Release|Any CPU.ActiveCfg = Release|Any CPU
		{35B2C7AF-3401-40AC-80CC-ACA939775E96}.Release|Any CPU.Build.0 = Release|Any CPU
		{35B2C7AF-3401-40AC-80CC-ACA939775E96}.Release|ARM.ActiveCfg = Release|Any CPU
		{35B2C7AF-3401-40AC-80CC-ACA939775E96}.Release|ARM.Build.0 = Release|Any CPU
		{35B2C7AF-3401-40AC-80CC-ACA939775E96}.Release|ARM64.ActiveCfg = Release|Any CPU
		{35B2C7AF-3401-40AC-80CC-ACA939775E96}.Release|ARM64.Build.0 = Release|Any CPU
		{35B2C7AF-3401-40AC-80CC-ACA939775E96}.Release|x64.ActiveCfg = Release|Any CPU
		{35B2C7AF-3401-40AC-80CC-ACA939775E96}.Release|x64.Build.0 = Release|Any CPU
		{35B2C7AF-3401-40AC-80CC-ACA939775E96}.Release|x86.ActiveCfg = Release|Any CPU
		{35B2C7AF-3401-40AC-80CC-ACA939775E96}.Release|x86.Build.0 = Release|Any CPU
	EndGlobalSection
	GlobalSection(SolutionProperties) = preSolution
		HideSolutionNode = FALSE
	EndGlobalSection
	GlobalSection(NestedProjects) = preSolution
		{2DCD42ED-8A93-4024-BEDE-221CDBCFD1D4} = {02EA681E-C7D8-13C7-8484-4AC65E1B71E8}
		{A6536C2E-2632-44AB-A575-63037EEF23EC} = {02EA681E-C7D8-13C7-8484-4AC65E1B71E8}
		{35B2C7AF-3401-40AC-80CC-ACA939775E96} = {02EA681E-C7D8-13C7-8484-4AC65E1B71E8}
	EndGlobalSection
	GlobalSection(ExtensibilityGlobals) = postSolution
		SolutionGuid = {101C6389-EC24-44A5-82BC-E377E0B30CFD}
	EndGlobalSection
EndGlobal
