
Microsoft Visual Studio Solution File, Format Version 12.00
# Visual Studio Version 17
VisualStudioVersion = 17.11.35103.136
MinimumVisualStudioVersion = 10.0.40219.1
Project("{FAE04EC0-301F-11D3-BF4B-00C04F79EFBC}") = "Seki.App", "src\Seki.App\Seki.App.csproj", "{713835F9-604A-4099-93F0-80AA59CBB849}"
EndProject
Project("{FAE04EC0-301F-11D3-BF4B-00C04F79EFBC}") = "Seki.Core", "src\Seki.Core\Seki.Core.csproj", "{CD39196D-F299-47A1-9B6F-EE2DEB97F25D}"
EndProject
Project("{2150E333-8FDC-42A3-9474-1A3956D46DE8}") = "src", "src", "{C8EA3EA5-7B32-4640-A0A2-94BF16076860}"
EndProject
Project("{2150E333-8FDC-42A3-9474-1A3956D46DE8}") = "tests", "tests", "{4FC25B7C-26FC-407B-8907-B1A9E2433CD7}"
EndProject
Global
	GlobalSection(SolutionConfigurationPlatforms) = preSolution
		Debug|arm64 = Debug|arm64
		Debug|x64 = Debug|x64
		Debug|x86 = Debug|x86
		Release|arm64 = Release|arm64
		Release|x64 = Release|x64
		Release|x86 = Release|x86
		Store|arm64 = Store|arm64
		Store|x64 = Store|x64
		Store|x86 = Store|x86
	EndGlobalSection
	GlobalSection(ProjectConfigurationPlatforms) = postSolution
		{713835F9-604A-4099-93F0-80AA59CBB849}.Debug|arm64.ActiveCfg = Debug|x64
		{713835F9-604A-4099-93F0-80AA59CBB849}.Debug|arm64.Build.0 = Debug|x64
		{713835F9-604A-4099-93F0-80AA59CBB849}.Debug|x64.ActiveCfg = Debug|x64
		{713835F9-604A-4099-93F0-80AA59CBB849}.Debug|x64.Build.0 = Debug|x64
		{713835F9-604A-4099-93F0-80AA59CBB849}.Debug|x64.Deploy.0 = Debug|x64
		{713835F9-604A-4099-93F0-80AA59CBB849}.Debug|x86.ActiveCfg = Release|x86
		{713835F9-604A-4099-93F0-80AA59CBB849}.Debug|x86.Build.0 = Release|x86
		{713835F9-604A-4099-93F0-80AA59CBB849}.Debug|x86.Deploy.0 = Release|x86
		{713835F9-604A-4099-93F0-80AA59CBB849}.Release|arm64.ActiveCfg = Release|ARM64
		{713835F9-604A-4099-93F0-80AA59CBB849}.Release|arm64.Build.0 = Release|ARM64
		{713835F9-604A-4099-93F0-80AA59CBB849}.Release|x64.ActiveCfg = Store|x64
		{713835F9-604A-4099-93F0-80AA59CBB849}.Release|x64.Build.0 = Store|x64
		{713835F9-604A-4099-93F0-80AA59CBB849}.Release|x64.Deploy.0 = Store|x64
		{713835F9-604A-4099-93F0-80AA59CBB849}.Release|x86.ActiveCfg = Release|x86
		{713835F9-604A-4099-93F0-80AA59CBB849}.Release|x86.Build.0 = Release|x86
		{713835F9-604A-4099-93F0-80AA59CBB849}.Release|x86.Deploy.0 = Release|x86
		{713835F9-604A-4099-93F0-80AA59CBB849}.Store|arm64.ActiveCfg = Store|arm64
		{713835F9-604A-4099-93F0-80AA59CBB849}.Store|arm64.Build.0 = Store|arm64
		{713835F9-604A-4099-93F0-80AA59CBB849}.Store|x64.ActiveCfg = Store|x64
		{713835F9-604A-4099-93F0-80AA59CBB849}.Store|x64.Build.0 = Store|x64
		{713835F9-604A-4099-93F0-80AA59CBB849}.Store|x86.ActiveCfg = Store|x86
		{713835F9-604A-4099-93F0-80AA59CBB849}.Store|x86.Build.0 = Store|x86
		{CD39196D-F299-47A1-9B6F-EE2DEB97F25D}.Debug|arm64.ActiveCfg = Debug|x64
		{CD39196D-F299-47A1-9B6F-EE2DEB97F25D}.Debug|arm64.Build.0 = Debug|x64
		{CD39196D-F299-47A1-9B6F-EE2DEB97F25D}.Debug|x64.ActiveCfg = Debug|x64
		{CD39196D-F299-47A1-9B6F-EE2DEB97F25D}.Debug|x64.Build.0 = Debug|x64
		{CD39196D-F299-47A1-9B6F-EE2DEB97F25D}.Debug|x86.ActiveCfg = Release|Any CPU
		{CD39196D-F299-47A1-9B6F-EE2DEB97F25D}.Debug|x86.Build.0 = Release|Any CPU
		{CD39196D-F299-47A1-9B6F-EE2DEB97F25D}.Release|arm64.ActiveCfg = Release|arm64
		{CD39196D-F299-47A1-9B6F-EE2DEB97F25D}.Release|arm64.Build.0 = Release|arm64
		{CD39196D-F299-47A1-9B6F-EE2DEB97F25D}.Release|x64.ActiveCfg = Store|x64
		{CD39196D-F299-47A1-9B6F-EE2DEB97F25D}.Release|x64.Build.0 = Store|x64
		{CD39196D-F299-47A1-9B6F-EE2DEB97F25D}.Release|x86.ActiveCfg = Release|x86
		{CD39196D-F299-47A1-9B6F-EE2DEB97F25D}.Release|x86.Build.0 = Release|x86
		{CD39196D-F299-47A1-9B6F-EE2DEB97F25D}.Store|arm64.ActiveCfg = Store|arm64
		{CD39196D-F299-47A1-9B6F-EE2DEB97F25D}.Store|arm64.Build.0 = Store|arm64
		{CD39196D-F299-47A1-9B6F-EE2DEB97F25D}.Store|x64.ActiveCfg = Store|x64
		{CD39196D-F299-47A1-9B6F-EE2DEB97F25D}.Store|x64.Build.0 = Store|x64
		{CD39196D-F299-47A1-9B6F-EE2DEB97F25D}.Store|x86.ActiveCfg = Store|x86
		{CD39196D-F299-47A1-9B6F-EE2DEB97F25D}.Store|x86.Build.0 = Store|x86
	EndGlobalSection
	GlobalSection(SolutionProperties) = preSolution
		HideSolutionNode = FALSE
	EndGlobalSection
	GlobalSection(NestedProjects) = preSolution
		{713835F9-604A-4099-93F0-80AA59CBB849} = {C8EA3EA5-7B32-4640-A0A2-94BF16076860}
		{CD39196D-F299-47A1-9B6F-EE2DEB97F25D} = {C8EA3EA5-7B32-4640-A0A2-94BF16076860}
	EndGlobalSection
	GlobalSection(ExtensibilityGlobals) = postSolution
		SolutionGuid = {E61CF57D-E46A-479F-AF1D-5B74A4885C9C}
	EndGlobalSection
EndGlobal
